
Microsoft Visual Studio Solution File, Format Version 12.00
# Visual Studio Version 16
VisualStudioVersion = 16.0.31205.134
MinimumVisualStudioVersion = 10.0.40219.1
Project("{FAE04EC0-301F-11D3-BF4B-00C04F79EFBC}") = "ScanDni.Android", "ScanDni\ScanDni.Android\ScanDni.Android.csproj", "{8F9C8E12-C5CF-4B5A-B47B-1FA971FB89C7}"
EndProject
Project("{FAE04EC0-301F-11D3-BF4B-00C04F79EFBC}") = "ScanDni", "ScanDni\ScanDni\ScanDni.csproj", "{1B6BDED5-FF82-4AAC-8115-9BE37475CE12}"
EndProject
Global
	GlobalSection(SolutionConfigurationPlatforms) = preSolution
		Debug|Any CPU = Debug|Any CPU
		Release|Any CPU = Release|Any CPU
	EndGlobalSection
	GlobalSection(ProjectConfigurationPlatforms) = postSolution
		{8F9C8E12-C5CF-4B5A-B47B-1FA971FB89C7}.Debug|Any CPU.ActiveCfg = Debug|Any CPU
		{8F9C8E12-C5CF-4B5A-B47B-1FA971FB89C7}.Debug|Any CPU.Build.0 = Debug|Any CPU
		{8F9C8E12-C5CF-4B5A-B47B-1FA971FB89C7}.Debug|Any CPU.Deploy.0 = Debug|Any CPU
		{8F9C8E12-C5CF-4B5A-B47B-1FA971FB89C7}.Release|Any CPU.ActiveCfg = Release|Any CPU
		{8F9C8E12-C5CF-4B5A-B47B-1FA971FB89C7}.Release|Any CPU.Build.0 = Release|Any CPU
		{8F9C8E12-C5CF-4B5A-B47B-1FA971FB89C7}.Release|Any CPU.Deploy.0 = Release|Any CPU
		{1B6BDED5-FF82-4AAC-8115-9BE37475CE12}.Debug|Any CPU.ActiveCfg = Debug|Any CPU
		{1B6BDED5-FF82-4AAC-8115-9BE37475CE12}.Debug|Any CPU.Build.0 = Debug|Any CPU
		{1B6BDED5-FF82-4AAC-8115-9BE37475CE12}.Debug|Any CPU.Deploy.0 = Debug|Any CPU
		{1B6BDED5-FF82-4AAC-8115-9BE37475CE12}.Release|Any CPU.ActiveCfg = Release|Any CPU
		{1B6BDED5-FF82-4AAC-8115-9BE37475CE12}.Release|Any CPU.Build.0 = Release|Any CPU
		{1B6BDED5-FF82-4AAC-8115-9BE37475CE12}.Release|Any CPU.Deploy.0 = Release|Any CPU
	EndGlobalSection
	GlobalSection(SolutionProperties) = preSolution
		HideSolutionNode = FALSE
	EndGlobalSection
	GlobalSection(ExtensibilityGlobals) = postSolution
		SolutionGuid = {62D5B8C0-966B-4909-BE21-6CC42C516BE4}
	EndGlobalSection
EndGlobal
